# THIS IS AN AUTOGENERATED FILE. DO NOT EDIT THIS FILE DIRECTLY.
# yarn lockfile v1


"@types/node@^7.0.18":
  version "7.0.18"
  resolved "https://registry.yarnpkg.com/@types/node/-/node-7.0.18.tgz#cd67f27d3dc0cfb746f0bdd5e086c4c5d55be173"

"@types/webassembly-js-api@^0.0.1":
  version "0.0.1"
  resolved "https://registry.yarnpkg.com/@types/webassembly-js-api/-/webassembly-js-api-0.0.1.tgz#62d50b201077d7d4cc109bb1cada22fdfd4523fb"

debug@^2.6.3:
  version "2.6.6"
  resolved "https://registry.yarnpkg.com/debug/-/debug-2.6.6.tgz#a9fa6fbe9ca43cf1e79f73b75c0189cbb7d6db5a"
  dependencies:
    ms "0.7.3"

intercept-stdout@^0.1.2:
  version "0.1.2"
  resolved "https://registry.yarnpkg.com/intercept-stdout/-/intercept-stdout-0.1.2.tgz#126abf1fae6c509a428a98c61a631559042ae9fd"
  dependencies:
    lodash.toarray "^3.0.0"

lodash._arraycopy@^3.0.0:
  version "3.0.0"
  resolved "https://registry.yarnpkg.com/lodash._arraycopy/-/lodash._arraycopy-3.0.0.tgz#76e7b7c1f1fb92547374878a562ed06a3e50f6e1"

lodash._basevalues@^3.0.0:
  version "3.0.0"
  resolved "https://registry.yarnpkg.com/lodash._basevalues/-/lodash._basevalues-3.0.0.tgz#5b775762802bde3d3297503e26300820fdf661b7"

lodash._getnative@^3.0.0:
  version "3.9.1"
  resolved "https://registry.yarnpkg.com/lodash._getnative/-/lodash._getnative-3.9.1.tgz#570bc7dede46d61cdcde687d65d3eecbaa3aaff5"

lodash.isarguments@^3.0.0:
  version "3.1.0"
  resolved "https://registry.yarnpkg.com/lodash.isarguments/-/lodash.isarguments-3.1.0.tgz#2f573d85c6a24289ff00663b491c1d338ff3458a"

lodash.isarray@^3.0.0:
  version "3.0.4"
  resolved "https://registry.yarnpkg.com/lodash.isarray/-/lodash.isarray-3.0.4.tgz#79e4eb88c36a8122af86f844aa9bcd851b5fbb55"

lodash.keys@^3.0.0:
  version "3.1.2"
  resolved "https://registry.yarnpkg.com/lodash.keys/-/lodash.keys-3.1.2.tgz#4dbc0472b156be50a0b286855d1bd0b0c656098a"
  dependencies:
    lodash._getnative "^3.0.0"
    lodash.isarguments "^3.0.0"
    lodash.isarray "^3.0.0"

lodash.toarray@^3.0.0:
  version "3.0.2"
  resolved "https://registry.yarnpkg.com/lodash.toarray/-/lodash.toarray-3.0.2.tgz#2b204f0fa4f51c285c6f00c81d1cea5a23041179"
  dependencies:
    lodash._arraycopy "^3.0.0"
    lodash._basevalues "^3.0.0"
    lodash.keys "^3.0.0"

ms@0.7.3:
  version "0.7.3"
  resolved "https://registry.yarnpkg.com/ms/-/ms-0.7.3.tgz#708155a5e44e33f5fd0fc53e81d0d40a91be1fff"

typescript@^2.2.2:
  version "2.3.2"
  resolved "https://registry.yarnpkg.com/typescript/-/typescript-2.3.2.tgz#f0f045e196f69a72f06b25fd3bd39d01c3ce9984"

"wasm-utils@https://github.com/winksaville/wasm-utils":
  version "0.1.0"
  resolved "https://github.com/winksaville/wasm-utils#46373ceca6c1fc65be73f8162f1ab0363b153d56"
  dependencies:
    debug "^2.6.3"
    intercept-stdout "^0.1.2"
    typescript "^2.2.2"
